PODS:
  - Alamofire (4.7.3)
  - Firebase/Auth (5.7.0):
    - Firebase/CoreOnly
    - FirebaseAuth (= 5.0.3)
  - Firebase/CoreOnly (5.7.0):
    - FirebaseCore (= 5.1.2)
  - Firebase/Database (5.7.0):
    - Firebase/CoreOnly
    - FirebaseDatabase (= 5.0.2)
  - Firebase/Storage (5.7.0):
    - Firebase/CoreOnly
    - FirebaseStorage (= 3.0.1)
  - FirebaseAuth (5.0.3):
    - FirebaseAuthInterop (~> 1.0)
    - FirebaseCore (~> 5.0)
    - GoogleUtilities/Environment (~> 5.2)
    - GTMSessionFetcher/Core (~> 1.1)
  - FirebaseAuthInterop (1.0.0)
  - FirebaseCore (5.1.2):
    - GoogleUtilities/Logger (~> 5.2)
  - FirebaseDatabase (5.0.2):
    - FirebaseCore (~> 5.0)
    - leveldb-library (~> 1.18)
  - FirebaseStorage (3.0.1):
    - FirebaseCore (~> 5.0)
    - GTMSessionFetcher/Core (~> 1.1)
  - GeoFire (3.0.0):
    - Firebase/Database (~> 5.0)
  - GoogleMaps (2.7.0):
    - GoogleMaps/Maps (= 2.7.0)
  - GoogleMaps/Base (2.7.0)
  - GoogleMaps/Maps (2.7.0):
    - GoogleMaps/Base
  - GoogleUtilities/Environment (5.2.2)
  - GoogleUtilities/Logger (5.2.2):
    - GoogleUtilities/Environment
  - GTMSessionFetcher/Core (1.2.0)
  - leveldb-library (1.20)
  - SwiftyJSON (4.1.0)

DEPENDENCIES:
  - Alamofire (~> 4.0)
  - Firebase/Auth
  - Firebase/Database
  - Firebase/Storage
  - GeoFire (from `https://github.com/firebase/geofire-objc.git`)
  - GoogleMaps
  - SwiftyJSON

SPEC REPOS:
  https://github.com/cocoapods/specs.git:
    - Alamofire
    - Firebase
    - FirebaseAuth
    - FirebaseAuthInterop
    - FirebaseCore
    - FirebaseDatabase
    - FirebaseStorage
    - GoogleMaps
    - GoogleUtilities
    - GTMSessionFetcher
    - leveldb-library
    - SwiftyJSON

EXTERNAL SOURCES:
  GeoFire:
    :git: https://github.com/firebase/geofire-objc.git

CHECKOUT OPTIONS:
  GeoFire:
    :commit: 7bc124db5d7c428bffe7ee4bd10ea9ad55f54523
    :git: https://github.com/firebase/geofire-objc.git

SPEC CHECKSUMS:
  Alamofire: c7287b6e5d7da964a70935e5db17046b7fde6568
  Firebase: 734a4f92957aa6c40e7ae3fda3d9359e1890aa87
  FirebaseAuth: 657a25e4be044d2d333663ebf515a861c5a59cd7
  FirebaseAuthInterop: 0ffa57668be100582bb7643d4fcb7615496c41fc
  FirebaseCore: 3a97432acb324b439fbed338e642f9cbb516a63d
  FirebaseDatabase: 27be5ac5bc75e0b17537b2bbfada8258addcc8cd
  FirebaseStorage: 43f823b96b72a08539eba21a7de043348a69d4c6
  GeoFire: e3ae6f4be3f2466c3467ef6c1c203db3af935c59
  GoogleMaps: f79af95cb24d869457b1f961c93d3ce8b2f3b848
  GoogleUtilities: 06b66f9567769a7958db20a92f0128b2843e49d5
  GTMSessionFetcher: 0c4baf0a73acd0041bf9f71ea018deedab5ea84e
  leveldb-library: 08cba283675b7ed2d99629a4bc5fd052cd2bb6a5
  SwiftyJSON: c29297daf073d2aa016295d5809cdd68045c39b3

PODFILE CHECKSUM: 502a26104486b06976fcc401d3fcaf37fcd23f1c

COCOAPODS: 1.5.3
